
Microsoft Visual Studio Solution File, Format Version 12.00
# Visual Studio 15
VisualStudioVersion = 15.0.27703.2042
MinimumVisualStudioVersion = 10.0.40219.1
Project("{9A19103F-16F7-4668-BE54-9A1E7A4F7556}") = "CQRSPattern", "CQRSPattern\CQRSPattern.csproj", "{DAD716DC-D925-4A9B-B7E3-421B9331F555}"
EndProject
Project("{9A19103F-16F7-4668-BE54-9A1E7A4F7556}") = "CQRSPattern.Domain.Core", "CQRSPattern.Domain.Core\CQRSPattern.Domain.Core.csproj", "{9F66300B-3E71-4510-99EE-A801D9F2DA14}"
EndProject
Project("{9A19103F-16F7-4668-BE54-9A1E7A4F7556}") = "CQRSPattern.Infra.DomainEvent.Bus", "CQRSPattern.Infra.DomainEvent.Bus\CQRSPattern.Infra.DomainEvent.Bus.csproj", "{A3AC378F-34EB-49B9-876F-9C4D162CB4CD}"
EndProject
Project("{9A19103F-16F7-4668-BE54-9A1E7A4F7556}") = "CQRSPattern.Application", "CQRSPattern.Application\CQRSPattern.Application.csproj", "{85DDA23D-7E29-45F7-AA13-FD54F9EAA392}"
EndProject
Project("{2150E333-8FDC-42A3-9474-1A3956D46DE8}") = "src", "src", "{B1AACAB1-5812-46F8-A5D9-0C38F84AE0B8}"
EndProject
Project("{2150E333-8FDC-42A3-9474-1A3956D46DE8}") = "1 - Presentation", "1 - Presentation", "{8EA95423-6522-4481-B631-66657CB8B23C}"
EndProject
Project("{2150E333-8FDC-42A3-9474-1A3956D46DE8}") = "2 - Services", "2 - Services", "{786A2109-7E99-4D4E-A6F9-983E1E83AFC2}"
EndProject
Project("{2150E333-8FDC-42A3-9474-1A3956D46DE8}") = "3 - Application", "3 - Application", "{156A3FE2-7744-4E32-98F8-0FBAEFE78AF3}"
EndProject
Project("{2150E333-8FDC-42A3-9474-1A3956D46DE8}") = "4 - Domain", "4 - Domain", "{FCAB3AC6-D579-4FF4-90A1-467E40731F75}"
EndProject
Project("{2150E333-8FDC-42A3-9474-1A3956D46DE8}") = "5 - Infra", "5 - Infra", "{EE346ADB-717F-4BF3-9668-659824939B0B}"
EndProject
Project("{2150E333-8FDC-42A3-9474-1A3956D46DE8}") = "5.1 - Data", "5.1 - Data", "{E305622B-7B7A-47F3-8E20-29B36FC8AC18}"
EndProject
Project("{2150E333-8FDC-42A3-9474-1A3956D46DE8}") = "5.2 - CrossCutting", "5.2 - CrossCutting", "{8C536DF8-2DA7-40D3-9EE2-5D4EB8622015}"
EndProject
Project("{FAE04EC0-301F-11D3-BF4B-00C04F79EFBC}") = "CQRSPattern.Domain", "CQRSPattern.Domain\CQRSPattern.Domain.csproj", "{CB7D9122-3D89-4D59-BEAB-90FA9ACC0188}"
EndProject
Global
	GlobalSection(SolutionConfigurationPlatforms) = preSolution
		Debug|Any CPU = Debug|Any CPU
		Release|Any CPU = Release|Any CPU
	EndGlobalSection
	GlobalSection(ProjectConfigurationPlatforms) = postSolution
		{DAD716DC-D925-4A9B-B7E3-421B9331F555}.Debug|Any CPU.ActiveCfg = Debug|Any CPU
		{DAD716DC-D925-4A9B-B7E3-421B9331F555}.Debug|Any CPU.Build.0 = Debug|Any CPU
		{DAD716DC-D925-4A9B-B7E3-421B9331F555}.Release|Any CPU.ActiveCfg = Release|Any CPU
		{DAD716DC-D925-4A9B-B7E3-421B9331F555}.Release|Any CPU.Build.0 = Release|Any CPU
		{9F66300B-3E71-4510-99EE-A801D9F2DA14}.Debug|Any CPU.ActiveCfg = Debug|Any CPU
		{9F66300B-3E71-4510-99EE-A801D9F2DA14}.Debug|Any CPU.Build.0 = Debug|Any CPU
		{9F66300B-3E71-4510-99EE-A801D9F2DA14}.Release|Any CPU.ActiveCfg = Release|Any CPU
		{9F66300B-3E71-4510-99EE-A801D9F2DA14}.Release|Any CPU.Build.0 = Release|Any CPU
		{A3AC378F-34EB-49B9-876F-9C4D162CB4CD}.Debug|Any CPU.ActiveCfg = Debug|Any CPU
		{A3AC378F-34EB-49B9-876F-9C4D162CB4CD}.Debug|Any CPU.Build.0 = Debug|Any CPU
		{A3AC378F-34EB-49B9-876F-9C4D162CB4CD}.Release|Any CPU.ActiveCfg = Release|Any CPU
		{A3AC378F-34EB-49B9-876F-9C4D162CB4CD}.Release|Any CPU.Build.0 = Release|Any CPU
		{85DDA23D-7E29-45F7-AA13-FD54F9EAA392}.Debug|Any CPU.ActiveCfg = Debug|Any CPU
		{85DDA23D-7E29-45F7-AA13-FD54F9EAA392}.Debug|Any CPU.Build.0 = Debug|Any CPU
		{85DDA23D-7E29-45F7-AA13-FD54F9EAA392}.Release|Any CPU.ActiveCfg = Release|Any CPU
		{85DDA23D-7E29-45F7-AA13-FD54F9EAA392}.Release|Any CPU.Build.0 = Release|Any CPU
		{CB7D9122-3D89-4D59-BEAB-90FA9ACC0188}.Debug|Any CPU.ActiveCfg = Debug|Any CPU
		{CB7D9122-3D89-4D59-BEAB-90FA9ACC0188}.Debug|Any CPU.Build.0 = Debug|Any CPU
		{CB7D9122-3D89-4D59-BEAB-90FA9ACC0188}.Release|Any CPU.ActiveCfg = Release|Any CPU
		{CB7D9122-3D89-4D59-BEAB-90FA9ACC0188}.Release|Any CPU.Build.0 = Release|Any CPU
	EndGlobalSection
	GlobalSection(SolutionProperties) = preSolution
		HideSolutionNode = FALSE
	EndGlobalSection
	GlobalSection(NestedProjects) = preSolution
		{DAD716DC-D925-4A9B-B7E3-421B9331F555} = {8EA95423-6522-4481-B631-66657CB8B23C}
		{9F66300B-3E71-4510-99EE-A801D9F2DA14} = {FCAB3AC6-D579-4FF4-90A1-467E40731F75}
		{A3AC378F-34EB-49B9-876F-9C4D162CB4CD} = {8C536DF8-2DA7-40D3-9EE2-5D4EB8622015}
		{85DDA23D-7E29-45F7-AA13-FD54F9EAA392} = {156A3FE2-7744-4E32-98F8-0FBAEFE78AF3}
		{8EA95423-6522-4481-B631-66657CB8B23C} = {B1AACAB1-5812-46F8-A5D9-0C38F84AE0B8}
		{786A2109-7E99-4D4E-A6F9-983E1E83AFC2} = {B1AACAB1-5812-46F8-A5D9-0C38F84AE0B8}
		{156A3FE2-7744-4E32-98F8-0FBAEFE78AF3} = {B1AACAB1-5812-46F8-A5D9-0C38F84AE0B8}
		{FCAB3AC6-D579-4FF4-90A1-467E40731F75} = {B1AACAB1-5812-46F8-A5D9-0C38F84AE0B8}
		{EE346ADB-717F-4BF3-9668-659824939B0B} = {B1AACAB1-5812-46F8-A5D9-0C38F84AE0B8}
		{E305622B-7B7A-47F3-8E20-29B36FC8AC18} = {EE346ADB-717F-4BF3-9668-659824939B0B}
		{8C536DF8-2DA7-40D3-9EE2-5D4EB8622015} = {EE346ADB-717F-4BF3-9668-659824939B0B}
		{CB7D9122-3D89-4D59-BEAB-90FA9ACC0188} = {FCAB3AC6-D579-4FF4-90A1-467E40731F75}
	EndGlobalSection
	GlobalSection(ExtensibilityGlobals) = postSolution
		SolutionGuid = {46D713FE-AC93-42C9-B12A-9453263FEC67}
	EndGlobalSection
EndGlobal
